
Microsoft Visual Studio Solution File, Format Version 12.00
# Visual Studio Version 17
VisualStudioVersion = 17.4.33213.308
MinimumVisualStudioVersion = 10.0.40219.1
Project("{FAE04EC0-301F-11D3-BF4B-00C04F79EFBC}") = "UmbracoDemoAzureMedia", "UmbracoDemoAzureMedia.csproj", "{5111292A-52F5-4A69-A48B-BCB9D2F5A288}"
EndProject
Global
	GlobalSection(SolutionConfigurationPlatforms) = preSolution
		Debug|Any CPU = Debug|Any CPU
		Release|Any CPU = Release|Any CPU
	EndGlobalSection
	GlobalSection(ProjectConfigurationPlatforms) = postSolution
		{5111292A-52F5-4A69-A48B-BCB9D2F5A288}.Debug|Any CPU.ActiveCfg = Debug|Any CPU
		{5111292A-52F5-4A69-A48B-BCB9D2F5A288}.Debug|Any CPU.Build.0 = Debug|Any CPU
		{5111292A-52F5-4A69-A48B-BCB9D2F5A288}.Release|Any CPU.ActiveCfg = Release|Any CPU
		{5111292A-52F5-4A69-A48B-BCB9D2F5A288}.Release|Any CPU.Build.0 = Release|Any CPU
	EndGlobalSection
	GlobalSection(SolutionProperties) = preSolution
		HideSolutionNode = FALSE
	EndGlobalSection
	GlobalSection(ExtensibilityGlobals) = postSolution
		SolutionGuid = {4EED39F0-11FD-410A-9520-6C76788B5BBD}
	EndGlobalSection
EndGlobal
